PODS:
  - Capacitor (6.2.1):
    - CapacitorCordova
  - CapacitorApp (6.0.2):
    - Capacitor
  - CapacitorCamera (6.1.2):
    - Capacitor
  - CapacitorCordova (6.2.1)
  - CapacitorDevice (6.0.2):
    - Capacitor
  - CapacitorGeolocation (6.1.0):
    - Capacitor
  - CapacitorHaptics (6.0.2):
    - Capacitor
  - CapacitorKeyboard (6.0.3):
    - Capacitor
  - CapacitorNetwork (6.0.3):
    - Capacitor
  - CapacitorPreferences (6.0.3):
    - Capacitor
  - CapacitorPushNotifications (6.0.4):
    - Capacitor
  - CapacitorStatusBar (6.0.2):
    - Capacitor

DEPENDENCIES:
  - "Capacitor (from `../../node_modules/@capacitor/ios`)"
  - "CapacitorApp (from `../../node_modules/@capacitor/app`)"
  - "CapacitorCamera (from `../../node_modules/@capacitor/camera`)"
  - "CapacitorCordova (from `../../node_modules/@capacitor/ios`)"
  - "CapacitorDevice (from `../../node_modules/@capacitor/device`)"
  - "CapacitorGeolocation (from `../../node_modules/@capacitor/geolocation`)"
  - "CapacitorHaptics (from `../../node_modules/@capacitor/haptics`)"
  - "CapacitorKeyboard (from `../../node_modules/@capacitor/keyboard`)"
  - "CapacitorNetwork (from `../../node_modules/@capacitor/network`)"
  - "CapacitorPreferences (from `../../node_modules/@capacitor/preferences`)"
  - "CapacitorPushNotifications (from `../../node_modules/@capacitor/push-notifications`)"
  - "CapacitorStatusBar (from `../../node_modules/@capacitor/status-bar`)"

EXTERNAL SOURCES:
  Capacitor:
    :path: "../../node_modules/@capacitor/ios"
  CapacitorApp:
    :path: "../../node_modules/@capacitor/app"
  CapacitorCamera:
    :path: "../../node_modules/@capacitor/camera"
  CapacitorCordova:
    :path: "../../node_modules/@capacitor/ios"
  CapacitorDevice:
    :path: "../../node_modules/@capacitor/device"
  CapacitorGeolocation:
    :path: "../../node_modules/@capacitor/geolocation"
  CapacitorHaptics:
    :path: "../../node_modules/@capacitor/haptics"
  CapacitorKeyboard:
    :path: "../../node_modules/@capacitor/keyboard"
  CapacitorNetwork:
    :path: "../../node_modules/@capacitor/network"
  CapacitorPreferences:
    :path: "../../node_modules/@capacitor/preferences"
  CapacitorPushNotifications:
    :path: "../../node_modules/@capacitor/push-notifications"
  CapacitorStatusBar:
    :path: "../../node_modules/@capacitor/status-bar"

SPEC CHECKSUMS:
  Capacitor: c95400d761e376be9da6be5a05f226c0e865cebf
  CapacitorApp: e1e6b7d05e444d593ca16fd6d76f2b7c48b5aea7
  CapacitorCamera: 9bc7b005d0e6f1d5f525b8137045b60cffffce79
  CapacitorCordova: 8d93e14982f440181be7304aa9559ca631d77fff
  CapacitorDevice: 9efd479d71d1baad74b75df531184c3f730eaa48
  CapacitorGeolocation: 3f6c960e6d9d11c83fcdd181c4912604857afb51
  CapacitorHaptics: 4fc15afe22b123d093e6ace24d95e8e3b1f261b9
  CapacitorKeyboard: e89189ad398b815b6ff7e52271f0fb4f911a0a0a
  CapacitorNetwork: ef75d8208f0974a2de3f98136bf9684524798f5c
  CapacitorPreferences: f3eadae2369ac3ab8e21743a2959145b0d1286a3
  CapacitorPushNotifications: b3f20973cb167cb8fee622e309ec521134798241
  CapacitorStatusBar: b16799a26320ffa52f6c8b01737d5a95bbb8f3eb

PODFILE CHECKSUM: f7b1688d0647a9e5febaee2b750d9bc258a48a78

COCOAPODS: 1.16.2
